
Microsoft Visual Studio Solution File, Format Version 12.00
# Visual Studio Version 16
VisualStudioVersion = 16.0.31402.337
MinimumVisualStudioVersion = 10.0.40219.1
Project("{FAE04EC0-301F-11D3-BF4B-00C04F79EFBC}") = "Webgentle.BookStore", "Webgentle.BookStore\Webgentle.BookStore.csproj", "{DDFA512E-285A-41C8-8932-B0E19B3A964D}"
EndProject
Global
	GlobalSection(SolutionConfigurationPlatforms) = preSolution
		Debug|Any CPU = Debug|Any CPU
		Release|Any CPU = Release|Any CPU
	EndGlobalSection
	GlobalSection(ProjectConfigurationPlatforms) = postSolution
		{DDFA512E-285A-41C8-8932-B0E19B3A964D}.Debug|Any CPU.ActiveCfg = Debug|Any CPU
		{DDFA512E-285A-41C8-8932-B0E19B3A964D}.Debug|Any CPU.Build.0 = Debug|Any CPU
		{DDFA512E-285A-41C8-8932-B0E19B3A964D}.Release|Any CPU.ActiveCfg = Release|Any CPU
		{DDFA512E-285A-41C8-8932-B0E19B3A964D}.Release|Any CPU.Build.0 = Release|Any CPU
	EndGlobalSection
	GlobalSection(SolutionProperties) = preSolution
		HideSolutionNode = FALSE
	EndGlobalSection
	GlobalSection(ExtensibilityGlobals) = postSolution
		SolutionGuid = {5A078A9F-3D1E-478F-9628-1C1FF18854E0}
	EndGlobalSection
EndGlobal
